// !$*UTF8*$!
{
	archiveVersion = 1;
	classes = {
	};
	objectVersion = 46;
	objects = {

/* Begin PBXBuildFile section */
		181BF2121E8E5D680012C09C /* AppDelegate.swift in Sources */ = {isa = PBXBuildFile; fileRef = 181BF2111E8E5D680012C09C /* AppDelegate.swift */; };
		181BF2191E8E5D680012C09C /* Assets.xcassets in Resources */ = {isa = PBXBuildFile; fileRef = 181BF2181E8E5D680012C09C /* Assets.xcassets */; };
		181BF21C1E8E5D680012C09C /* LaunchScreen.storyboard in Resources */ = {isa = PBXBuildFile; fileRef = 181BF21A1E8E5D680012C09C /* LaunchScreen.storyboard */; };
		181BF2271E8E5D680012C09C /* FlightMatcherTests.swift in Sources */ = {isa = PBXBuildFile; fileRef = 181BF2261E8E5D680012C09C /* FlightMatcherTests.swift */; };
		181BF2321E8E5D680012C09C /* FlightMatcherUITests.swift in Sources */ = {isa = PBXBuildFile; fileRef = 181BF2311E8E5D680012C09C /* FlightMatcherUITests.swift */; };
		2A9DC77C1E8EB13C00294485 /* Cities.json in Resources */ = {isa = PBXBuildFile; fileRef = 2A9DC7771E8EB13C00294485 /* Cities.json */; };
		2A9DC77D1E8EB13C00294485 /* Location.swift in Sources */ = {isa = PBXBuildFile; fileRef = 2A9DC7781E8EB13C00294485 /* Location.swift */; };
		2A9DC77E1E8EB13C00294485 /* Request.json in Resources */ = {isa = PBXBuildFile; fileRef = 2A9DC7791E8EB13C00294485 /* Request.json */; };
		2A9DC7801E8EB13C00294485 /* Main.storyboard in Resources */ = {isa = PBXBuildFile; fileRef = 2A9DC77B1E8EB13C00294485 /* Main.storyboard */; };
		2A9DC7821E8EB2A200294485 /* Request.swift in Sources */ = {isa = PBXBuildFile; fileRef = 2A9DC7811E8EB2A200294485 /* Request.swift */; };
		2A9DC7841E8EB2C000294485 /* DataGenerator.swift in Sources */ = {isa = PBXBuildFile; fileRef = 2A9DC7831E8EB2C000294485 /* DataGenerator.swift */; };
		3D31FF8652EFC7353BD4C79E /* Pods_FlightMatcher.framework in Frameworks */ = {isa = PBXBuildFile; fileRef = 3CD77A23C348C0B41CEBAF75 /* Pods_FlightMatcher.framework */; };
		53673E88BD793FE0B5E306E2 /* Pods_FlightMatcherUITests.framework in Frameworks */ = {isa = PBXBuildFile; fileRef = 5E07D8C3A11C41B3DD85EB80 /* Pods_FlightMatcherUITests.framework */; };
		B43A9C7617A788AD5368FE02 /* Pods_FlightMatcherTests.framework in Frameworks */ = {isa = PBXBuildFile; fileRef = E4A3395C2BF52570D519CF27 /* Pods_FlightMatcherTests.framework */; };
/* End PBXBuildFile section */

/* Begin PBXContainerItemProxy section */
		181BF2231E8E5D680012C09C /* PBXContainerItemProxy */ = {
			isa = PBXContainerItemProxy;
			containerPortal = 181BF2061E8E5D680012C09C /* Project object */;
			proxyType = 1;
			remoteGlobalIDString = 181BF20D1E8E5D680012C09C;
			remoteInfo = FlightMatcher;
		};
		181BF22E1E8E5D680012C09C /* PBXContainerItemProxy */ = {
			isa = PBXContainerItemProxy;
			containerPortal = 181BF2061E8E5D680012C09C /* Project object */;
			proxyType = 1;
			remoteGlobalIDString = 181BF20D1E8E5D680012C09C;
			remoteInfo = FlightMatcher;
		};
/* End PBXContainerItemProxy section */

/* Begin PBXFileReference section */
		181BF20E1E8E5D680012C09C /* FlightMatcher.app */ = {isa = PBXFileReference; explicitFileType = wrapper.application; includeInIndex = 0; path = FlightMatcher.app; sourceTree = BUILT_PRODUCTS_DIR; };
		181BF2111E8E5D680012C09C /* AppDelegate.swift */ = {isa = PBXFileReference; lastKnownFileType = sourcecode.swift; path = AppDelegate.swift; sourceTree = "<group>"; };
		181BF2181E8E5D680012C09C /* Assets.xcassets */ = {isa = PBXFileReference; lastKnownFileType = folder.assetcatalog; path = Assets.xcassets; sourceTree = "<group>"; };
		181BF21B1E8E5D680012C09C /* Base */ = {isa = PBXFileReference; lastKnownFileType = file.storyboard; name = Base; path = Base.lproj/LaunchScreen.storyboard; sourceTree = "<group>"; };
		181BF21D1E8E5D680012C09C /* Info.plist */ = {isa = PBXFileReference; lastKnownFileType = text.plist.xml; path = Info.plist; sourceTree = "<group>"; };
		181BF2221E8E5D680012C09C /* FlightMatcherTests.xctest */ = {isa = PBXFileReference; explicitFileType = wrapper.cfbundle; includeInIndex = 0; path = FlightMatcherTests.xctest; sourceTree = BUILT_PRODUCTS_DIR; };
		181BF2261E8E5D680012C09C /* FlightMatcherTests.swift */ = {isa = PBXFileReference; lastKnownFileType = sourcecode.swift; path = FlightMatcherTests.swift; sourceTree = "<group>"; };
		181BF2281E8E5D680012C09C /* Info.plist */ = {isa = PBXFileReference; lastKnownFileType = text.plist.xml; path = Info.plist; sourceTree = "<group>"; };
		181BF22D1E8E5D680012C09C /* FlightMatcherUITests.xctest */ = {isa = PBXFileReference; explicitFileType = wrapper.cfbundle; includeInIndex = 0; path = FlightMatcherUITests.xctest; sourceTree = BUILT_PRODUCTS_DIR; };
		181BF2311E8E5D680012C09C /* FlightMatcherUITests.swift */ = {isa = PBXFileReference; lastKnownFileType = sourcecode.swift; path = FlightMatcherUITests.swift; sourceTree = "<group>"; };
		181BF2331E8E5D680012C09C /* Info.plist */ = {isa = PBXFileReference; lastKnownFileType = text.plist.xml; path = Info.plist; sourceTree = "<group>"; };
		2A9DC7771E8EB13C00294485 /* Cities.json */ = {isa = PBXFileReference; fileEncoding = 4; lastKnownFileType = text.json; path = Cities.json; sourceTree = "<group>"; };
		2A9DC7781E8EB13C00294485 /* Location.swift */ = {isa = PBXFileReference; fileEncoding = 4; lastKnownFileType = sourcecode.swift; path = Location.swift; sourceTree = "<group>"; };
		2A9DC7791E8EB13C00294485 /* Request.json */ = {isa = PBXFileReference; fileEncoding = 4; lastKnownFileType = text.json; path = Request.json; sourceTree = "<group>"; };
		2A9DC77A1E8EB13C00294485 /* Info.plist */ = {isa = PBXFileReference; fileEncoding = 4; lastKnownFileType = text.plist.xml; path = Info.plist; sourceTree = "<group>"; };
		2A9DC77B1E8EB13C00294485 /* Main.storyboard */ = {isa = PBXFileReference; fileEncoding = 4; lastKnownFileType = file.storyboard; path = Main.storyboard; sourceTree = "<group>"; };
		2A9DC7811E8EB2A200294485 /* Request.swift */ = {isa = PBXFileReference; fileEncoding = 4; lastKnownFileType = sourcecode.swift; path = Request.swift; sourceTree = "<group>"; };
		2A9DC7831E8EB2C000294485 /* DataGenerator.swift */ = {isa = PBXFileReference; fileEncoding = 4; lastKnownFileType = sourcecode.swift; path = DataGenerator.swift; sourceTree = "<group>"; };
		3CD77A23C348C0B41CEBAF75 /* Pods_FlightMatcher.framework */ = {isa = PBXFileReference; explicitFileType = wrapper.framework; includeInIndex = 0; path = Pods_FlightMatcher.framework; sourceTree = BUILT_PRODUCTS_DIR; };
		552E4BED47E092F17CA34B42 /* Pods-FlightMatcher.release.xcconfig */ = {isa = PBXFileReference; includeInIndex = 1; lastKnownFileType = text.xcconfig; name = "Pods-FlightMatcher.release.xcconfig"; path = "Pods/Target Support Files/Pods-FlightMatcher/Pods-FlightMatcher.release.xcconfig"; sourceTree = "<group>"; };
		5E07D8C3A11C41B3DD85EB80 /* Pods_FlightMatcherUITests.framework */ = {isa = PBXFileReference; explicitFileType = wrapper.framework; includeInIndex = 0; path = Pods_FlightMatcherUITests.framework; sourceTree = BUILT_PRODUCTS_DIR; };
		642BD41397FB20210884E351 /* Pods-FlightMatcher.debug.xcconfig */ = {isa = PBXFileReference; includeInIndex = 1; lastKnownFileType = text.xcconfig; name = "Pods-FlightMatcher.debug.xcconfig"; path = "Pods/Target Support Files/Pods-FlightMatcher/Pods-FlightMatcher.debug.xcconfig"; sourceTree = "<group>"; };
		6825663D59011820EFE92071 /* Pods-FlightMatcherTests.release.xcconfig */ = {isa = PBXFileReference; includeInIndex = 1; lastKnownFileType = text.xcconfig; name = "Pods-FlightMatcherTests.release.xcconfig"; path = "Pods/Target Support Files/Pods-FlightMatcherTests/Pods-FlightMatcherTests.release.xcconfig"; sourceTree = "<group>"; };
		864A89F7312808FF42D1063A /* Pods-FlightMatcherUITests.debug.xcconfig */ = {isa = PBXFileReference; includeInIndex = 1; lastKnownFileType = text.xcconfig; name = "Pods-FlightMatcherUITests.debug.xcconfig"; path = "Pods/Target Support Files/Pods-FlightMatcherUITests/Pods-FlightMatcherUITests.debug.xcconfig"; sourceTree = "<group>"; };
		A3D673D6967B2ABC679CB312 /* Pods-FlightMatcherTests.debug.xcconfig */ = {isa = PBXFileReference; includeInIndex = 1; lastKnownFileType = text.xcconfig; name = "Pods-FlightMatcherTests.debug.xcconfig"; path = "Pods/Target Support Files/Pods-FlightMatcherTests/Pods-FlightMatcherTests.debug.xcconfig"; sourceTree = "<group>"; };
		E4A3395C2BF52570D519CF27 /* Pods_FlightMatcherTests.framework */ = {isa = PBXFileReference; explicitFileType = wrapper.framework; includeInIndex = 0; path = Pods_FlightMatcherTests.framework; sourceTree = BUILT_PRODUCTS_DIR; };
		FF03FDF59AFF7C2A09EEF90A /* Pods-FlightMatcherUITests.release.xcconfig */ = {isa = PBXFileReference; includeInIndex = 1; lastKnownFileType = text.xcconfig; name = "Pods-FlightMatcherUITests.release.xcconfig"; path = "Pods/Target Support Files/Pods-FlightMatcherUITests/Pods-FlightMatcherUITests.release.xcconfig"; sourceTree = "<group>"; };
/* End PBXFileReference section */

/* Begin PBXFrameworksBuildPhase section */
		181BF20B1E8E5D680012C09C /* Frameworks */ = {
			isa = PBXFrameworksBuildPhase;
			buildActionMask = 2147483647;
			files = (
				3D31FF8652EFC7353BD4C79E /* Pods_FlightMatcher.framework in Frameworks */,
			);
			runOnlyForDeploymentPostprocessing = 0;
		};
		181BF21F1E8E5D680012C09C /* Frameworks */ = {
			isa = PBXFrameworksBuildPhase;
			buildActionMask = 2147483647;
			files = (
				B43A9C7617A788AD5368FE02 /* Pods_FlightMatcherTests.framework in Frameworks */,
			);
			runOnlyForDeploymentPostprocessing = 0;
		};
		181BF22A1E8E5D680012C09C /* Frameworks */ = {
			isa = PBXFrameworksBuildPhase;
			buildActionMask = 2147483647;
			files = (
				53673E88BD793FE0B5E306E2 /* Pods_FlightMatcherUITests.framework in Frameworks */,
			);
			runOnlyForDeploymentPostprocessing = 0;
		};
/* End PBXFrameworksBuildPhase section */

/* Begin PBXGroup section */
		181BF2051E8E5D680012C09C = {
			isa = PBXGroup;
			children = (
				181BF2101E8E5D680012C09C /* FlightMatcher */,
				181BF2251E8E5D680012C09C /* FlightMatcherTests */,
				181BF2301E8E5D680012C09C /* FlightMatcherUITests */,
				181BF20F1E8E5D680012C09C /* Products */,
				BFF78A68D23970DF107CE6AD /* Pods */,
				27EA54B5FDD788FD7B9A5F49 /* Frameworks */,
			);
			sourceTree = "<group>";
		};
		181BF20F1E8E5D680012C09C /* Products */ = {
			isa = PBXGroup;
			children = (
				181BF20E1E8E5D680012C09C /* FlightMatcher.app */,
				181BF2221E8E5D680012C09C /* FlightMatcherTests.xctest */,
				181BF22D1E8E5D680012C09C /* FlightMatcherUITests.xctest */,
			);
			name = Products;
			sourceTree = "<group>";
		};
		181BF2101E8E5D680012C09C /* FlightMatcher */ = {
			isa = PBXGroup;
			children = (
				181BF2111E8E5D680012C09C /* AppDelegate.swift */,
				2A9DC7781E8EB13C00294485 /* Location.swift */,
				2A9DC7811E8EB2A200294485 /* Request.swift */,
				2A9DC7831E8EB2C000294485 /* DataGenerator.swift */,
				2A9DC7771E8EB13C00294485 /* Cities.json */,
				2A9DC7791E8EB13C00294485 /* Request.json */,
				2A9DC77A1E8EB13C00294485 /* Info.plist */,
				2A9DC77B1E8EB13C00294485 /* Main.storyboard */,
				181BF2181E8E5D680012C09C /* Assets.xcassets */,
				181BF21A1E8E5D680012C09C /* LaunchScreen.storyboard */,
				181BF21D1E8E5D680012C09C /* Info.plist */,
			);
			path = FlightMatcher;
			sourceTree = "<group>";
		};
		181BF2251E8E5D680012C09C /* FlightMatcherTests */ = {
			isa = PBXGroup;
			children = (
				181BF2261E8E5D680012C09C /* FlightMatcherTests.swift */,
				181BF2281E8E5D680012C09C /* Info.plist */,
			);
			path = FlightMatcherTests;
			sourceTree = "<group>";
		};
		181BF2301E8E5D680012C09C /* FlightMatcherUITests */ = {
			isa = PBXGroup;
			children = (
				181BF2311E8E5D680012C09C /* FlightMatcherUITests.swift */,
				181BF2331E8E5D680012C09C /* Info.plist */,
			);
			path = FlightMatcherUITests;
			sourceTree = "<group>";
		};
		27EA54B5FDD788FD7B9A5F49 /* Frameworks */ = {
			isa = PBXGroup;
			children = (
				3CD77A23C348C0B41CEBAF75 /* Pods_FlightMatcher.framework */,
				E4A3395C2BF52570D519CF27 /* Pods_FlightMatcherTests.framework */,
				5E07D8C3A11C41B3DD85EB80 /* Pods_FlightMatcherUITests.framework */,
			);
			name = Frameworks;
			sourceTree = "<group>";
		};
		BFF78A68D23970DF107CE6AD /* Pods */ = {
			isa = PBXGroup;
			children = (
				642BD41397FB20210884E351 /* Pods-FlightMatcher.debug.xcconfig */,
				552E4BED47E092F17CA34B42 /* Pods-FlightMatcher.release.xcconfig */,
				A3D673D6967B2ABC679CB312 /* Pods-FlightMatcherTests.debug.xcconfig */,
				6825663D59011820EFE92071 /* Pods-FlightMatcherTests.release.xcconfig */,
				864A89F7312808FF42D1063A /* Pods-FlightMatcherUITests.debug.xcconfig */,
				FF03FDF59AFF7C2A09EEF90A /* Pods-FlightMatcherUITests.release.xcconfig */,
			);
			name = Pods;
			sourceTree = "<group>";
		};
/* End PBXGroup section */

/* Begin PBXNativeTarget section */
		181BF20D1E8E5D680012C09C /* FlightMatcher */ = {
			isa = PBXNativeTarget;
			buildConfigurationList = 181BF2361E8E5D680012C09C /* Build configuration list for PBXNativeTarget "FlightMatcher" */;
			buildPhases = (
				90AA492D83F314D8DBEA6FDD /* [CP] Check Pods Manifest.lock */,
				181BF20A1E8E5D680012C09C /* Sources */,
				181BF20B1E8E5D680012C09C /* Frameworks */,
				181BF20C1E8E5D680012C09C /* Resources */,
				318889D27A65EBD968F7B4A9 /* [CP] Embed Pods Frameworks */,
				4FE9E4C7BCC87C87614701FD /* [CP] Copy Pods Resources */,
			);
			buildRules = (
			);
			dependencies = (
			);
			name = FlightMatcher;
			productName = FlightMatcher;
			productReference = 181BF20E1E8E5D680012C09C /* FlightMatcher.app */;
			productType = "com.apple.product-type.application";
		};
		181BF2211E8E5D680012C09C /* FlightMatcherTests */ = {
			isa = PBXNativeTarget;
			buildConfigurationList = 181BF2391E8E5D680012C09C /* Build configuration list for PBXNativeTarget "FlightMatcherTests" */;
			buildPhases = (
				39CA47FC72DD9082D471EFFC /* [CP] Check Pods Manifest.lock */,
				181BF21E1E8E5D680012C09C /* Sources */,
				181BF21F1E8E5D680012C09C /* Frameworks */,
				181BF2201E8E5D680012C09C /* Resources */,
				B69564FF593961AE3D7DABF5 /* [CP] Embed Pods Frameworks */,
				F95F384D481B1CDC5F8D3605 /* [CP] Copy Pods Resources */,
			);
			buildRules = (
			);
			dependencies = (
				181BF2241E8E5D680012C09C /* PBXTargetDependency */,
			);
			name = FlightMatcherTests;
			productName = FlightMatcherTests;
			productReference = 181BF2221E8E5D680012C09C /* FlightMatcherTests.xctest */;
			productType = "com.apple.product-type.bundle.unit-test";
		};
		181BF22C1E8E5D680012C09C /* FlightMatcherUITests */ = {
			isa = PBXNativeTarget;
			buildConfigurationList = 181BF23C1E8E5D680012C09C /* Build configuration list for PBXNativeTarget "FlightMatcherUITests" */;
			buildPhases = (
				95664F0FAB56C7E843C42827 /* [CP] Check Pods Manifest.lock */,
				181BF2291E8E5D680012C09C /* Sources */,
				181BF22A1E8E5D680012C09C /* Frameworks */,
				181BF22B1E8E5D680012C09C /* Resources */,
				68A744AD1DFD1136F1E0A298 /* [CP] Embed Pods Frameworks */,
				71208D60CCA2E71CFA4D9BD8 /* [CP] Copy Pods Resources */,
			);
			buildRules = (
			);
			dependencies = (
				181BF22F1E8E5D680012C09C /* PBXTargetDependency */,
			);
			name = FlightMatcherUITests;
			productName = FlightMatcherUITests;
			productReference = 181BF22D1E8E5D680012C09C /* FlightMatcherUITests.xctest */;
			productType = "com.apple.product-type.bundle.ui-testing";
		};
/* End PBXNativeTarget section */

/* Begin PBXProject section */
		181BF2061E8E5D680012C09C /* Project object */ = {
			isa = PBXProject;
			attributes = {
				LastSwiftUpdateCheck = 0830;
				LastUpgradeCheck = 0830;
				ORGANIZATIONNAME = "Dmitry Smolyakov";
				TargetAttributes = {
					181BF20D1E8E5D680012C09C = {
						CreatedOnToolsVersion = 8.3;
						DevelopmentTeam = UP59H75SNK;
						ProvisioningStyle = Automatic;
					};
					181BF2211E8E5D680012C09C = {
						CreatedOnToolsVersion = 8.3;
						DevelopmentTeam = UP59H75SNK;
						ProvisioningStyle = Automatic;
						TestTargetID = 181BF20D1E8E5D680012C09C;
					};
					181BF22C1E8E5D680012C09C = {
						CreatedOnToolsVersion = 8.3;
						DevelopmentTeam = UP59H75SNK;
						ProvisioningStyle = Automatic;
						TestTargetID = 181BF20D1E8E5D680012C09C;
					};
				};
			};
			buildConfigurationList = 181BF2091E8E5D680012C09C /* Build configuration list for PBXProject "FlightMatcher" */;
			compatibilityVersion = "Xcode 3.2";
			developmentRegion = English;
			hasScannedForEncodings = 0;
			knownRegions = (
				en,
				Base,
			);
			mainGroup = 181BF2051E8E5D680012C09C;
			productRefGroup = 181BF20F1E8E5D680012C09C /* Products */;
			projectDirPath = "";
			projectRoot = "";
			targets = (
				181BF20D1E8E5D680012C09C /* FlightMatcher */,
				181BF2211E8E5D680012C09C /* FlightMatcherTests */,
				181BF22C1E8E5D680012C09C /* FlightMatcherUITests */,
			);
		};
/* End PBXProject section */

/* Begin PBXResourcesBuildPhase section */
		181BF20C1E8E5D680012C09C /* Resources */ = {
			isa = PBXResourcesBuildPhase;
			buildActionMask = 2147483647;
			files = (
				2A9DC77C1E8EB13C00294485 /* Cities.json in Resources */,
				181BF21C1E8E5D680012C09C /* LaunchScreen.storyboard in Resources */,
				2A9DC77E1E8EB13C00294485 /* Request.json in Resources */,
				2A9DC7801E8EB13C00294485 /* Main.storyboard in Resources */,
				181BF2191E8E5D680012C09C /* Assets.xcassets in Resources */,
			);
			runOnlyForDeploymentPostprocessing = 0;
		};
		181BF2201E8E5D680012C09C /* Resources */ = {
			isa = PBXResourcesBuildPhase;
			buildActionMask = 2147483647;
			files = (
			);
			runOnlyForDeploymentPostprocessing = 0;
		};
		181BF22B1E8E5D680012C09C /* Resources */ = {
			isa = PBXResourcesBuildPhase;
			buildActionMask = 2147483647;
			files = (
			);
			runOnlyForDeploymentPostprocessing = 0;
		};
/* End PBXResourcesBuildPhase section */

/* Begin PBXShellScriptBuildPhase section */
		318889D27A65EBD968F7B4A9 /* [CP] Embed Pods Frameworks */ = {
			isa = PBXShellScriptBuildPhase;
			buildActionMask = 2147483647;
			files = (
			);
			inputPaths = (
			);
			name = "[CP] Embed Pods Frameworks";
			outputPaths = (
			);
			runOnlyForDeploymentPostprocessing = 0;
			shellPath = /bin/sh;
			shellScript = "\"${SRCROOT}/Pods/Target Support Files/Pods-FlightMatcher/Pods-FlightMatcher-frameworks.sh\"\n";
			showEnvVarsInLog = 0;
		};
		39CA47FC72DD9082D471EFFC /* [CP] Check Pods Manifest.lock */ = {
			isa = PBXShellScriptBuildPhase;
			buildActionMask = 2147483647;
			files = (
			);
			inputPaths = (
			);
			name = "[CP] Check Pods Manifest.lock";
			outputPaths = (
			);
			runOnlyForDeploymentPostprocessing = 0;
			shellPath = /bin/sh;
			shellScript = "diff \"${PODS_ROOT}/../Podfile.lock\" \"${PODS_ROOT}/Manifest.lock\" > /dev/null\nif [ $? != 0 ] ; then\n    # print error to STDERR\n    echo \"error: The sandbox is not in sync with the Podfile.lock. Run 'pod install' or update your CocoaPods installation.\" >&2\n    exit 1\nfi\n";
			showEnvVarsInLog = 0;
		};
		4FE9E4C7BCC87C87614701FD /* [CP] Copy Pods Resources */ = {
			isa = PBXShellScriptBuildPhase;
			buildActionMask = 2147483647;
			files = (
			);
			inputPaths = (
			);
			name = "[CP] Copy Pods Resources";
			outputPaths = (
			);
			runOnlyForDeploymentPostprocessing = 0;
			shellPath = /bin/sh;
			shellScript = "\"${SRCROOT}/Pods/Target Support Files/Pods-FlightMatcher/Pods-FlightMatcher-resources.sh\"\n";
			showEnvVarsInLog = 0;
		};
		68A744AD1DFD1136F1E0A298 /* [CP] Embed Pods Frameworks */ = {
			isa = PBXShellScriptBuildPhase;
			buildActionMask = 2147483647;
			files = (
			);
			inputPaths = (
			);
			name = "[CP] Embed Pods Frameworks";
			outputPaths = (
			);
			runOnlyForDeploymentPostprocessing = 0;
			shellPath = /bin/sh;
			shellScript = "\"${SRCROOT}/Pods/Target Support Files/Pods-FlightMatcherUITests/Pods-FlightMatcherUITests-frameworks.sh\"\n";
			showEnvVarsInLog = 0;
		};
		71208D60CCA2E71CFA4D9BD8 /* [CP] Copy Pods Resources */ = {
			isa = PBXShellScriptBuildPhase;
			buildActionMask = 2147483647;
			files = (
			);
			inputPaths = (
			);
			name = "[CP] Copy Pods Resources";
			outputPaths = (
			);
			runOnlyForDeploymentPostprocessing = 0;
			shellPath = /bin/sh;
			shellScript = "\"${SRCROOT}/Pods/Target Support Files/Pods-FlightMatcherUITests/Pods-FlightMatcherUITests-resources.sh\"\n";
			showEnvVarsInLog = 0;
		};
		90AA492D83F314D8DBEA6FDD /* [CP] Check Pods Manifest.lock */ = {
			isa = PBXShellScriptBuildPhase;
			buildActionMask = 2147483647;
			files = (
			);
			inputPaths = (
			);
			name = "[CP] Check Pods Manifest.lock";
			outputPaths = (
			);
			runOnlyForDeploymentPostprocessing = 0;
			shellPath = /bin/sh;
			shellScript = "diff \"${PODS_ROOT}/../Podfile.lock\" \"${PODS_ROOT}/Manifest.lock\" > /dev/null\nif [ $? != 0 ] ; then\n    # print error to STDERR\n    echo \"error: The sandbox is not in sync with the Podfile.lock. Run 'pod install' or update your CocoaPods installation.\" >&2\n    exit 1\nfi\n";
			showEnvVarsInLog = 0;
		};
		95664F0FAB56C7E843C42827 /* [CP] Check Pods Manifest.lock */ = {
			isa = PBXShellScriptBuildPhase;
			buildActionMask = 2147483647;
			files = (
			);
			inputPaths = (
			);
			name = "[CP] Check Pods Manifest.lock";
			outputPaths = (
			);
			runOnlyForDeploymentPostprocessing = 0;
			shellPath = /bin/sh;
			shellScript = "diff \"${PODS_ROOT}/../Podfile.lock\" \"${PODS_ROOT}/Manifest.lock\" > /dev/null\nif [ $? != 0 ] ; then\n    # print error to STDERR\n    echo \"error: The sandbox is not in sync with the Podfile.lock. Run 'pod install' or update your CocoaPods installation.\" >&2\n    exit 1\nfi\n";
			showEnvVarsInLog = 0;
		};
		B69564FF593961AE3D7DABF5 /* [CP] Embed Pods Frameworks */ = {
			isa = PBXShellScriptBuildPhase;
			buildActionMask = 2147483647;
			files = (
			);
			inputPaths = (
			);
			name = "[CP] Embed Pods Frameworks";
			outputPaths = (
			);
			runOnlyForDeploymentPostprocessing = 0;
			shellPath = /bin/sh;
			shellScript = "\"${SRCROOT}/Pods/Target Support Files/Pods-FlightMatcherTests/Pods-FlightMatcherTests-frameworks.sh\"\n";
			showEnvVarsInLog = 0;
		};
		F95F384D481B1CDC5F8D3605 /* [CP] Copy Pods Resources */ = {
			isa = PBXShellScriptBuildPhase;
			buildActionMask = 2147483647;
			files = (
			);
			inputPaths = (
			);
			name = "[CP] Copy Pods Resources";
			outputPaths = (
			);
			runOnlyForDeploymentPostprocessing = 0;
			shellPath = /bin/sh;
			shellScript = "\"${SRCROOT}/Pods/Target Support Files/Pods-FlightMatcherTests/Pods-FlightMatcherTests-resources.sh\"\n";
			showEnvVarsInLog = 0;
		};
/* End PBXShellScriptBuildPhase section */

/* Begin PBXSourcesBuildPhase section */
		181BF20A1E8E5D680012C09C /* Sources */ = {
			isa = PBXSourcesBuildPhase;
			buildActionMask = 2147483647;
			files = (
				2A9DC77D1E8EB13C00294485 /* Location.swift in Sources */,
				2A9DC7821E8EB2A200294485 /* Request.swift in Sources */,
				181BF2121E8E5D680012C09C /* AppDelegate.swift in Sources */,
				2A9DC7841E8EB2C000294485 /* DataGenerator.swift in Sources */,
			);
			runOnlyForDeploymentPostprocessing = 0;
		};
		181BF21E1E8E5D680012C09C /* Sources */ = {
			isa = PBXSourcesBuildPhase;
			buildActionMask = 2147483647;
			files = (
				181BF2271E8E5D680012C09C /* FlightMatcherTests.swift in Sources */,
			);
			runOnlyForDeploymentPostprocessing = 0;
		};
		181BF2291E8E5D680012C09C /* Sources */ = {
			isa = PBXSourcesBuildPhase;
			buildActionMask = 2147483647;
			files = (
				181BF2321E8E5D680012C09C /* FlightMatcherUITests.swift in Sources */,
			);
			runOnlyForDeploymentPostprocessing = 0;
		};
/* End PBXSourcesBuildPhase section */

/* Begin PBXTargetDependency section */
		181BF2241E8E5D680012C09C /* PBXTargetDependency */ = {
			isa = PBXTargetDependency;
			target = 181BF20D1E8E5D680012C09C /* FlightMatcher */;
			targetProxy = 181BF2231E8E5D680012C09C /* PBXContainerItemProxy */;
		};
		181BF22F1E8E5D680012C09C /* PBXTargetDependency */ = {
			isa = PBXTargetDependency;
			target = 181BF20D1E8E5D680012C09C /* FlightMatcher */;
			targetProxy = 181BF22E1E8E5D680012C09C /* PBXContainerItemProxy */;
		};
/* End PBXTargetDependency section */

/* Begin PBXVariantGroup section */
		181BF21A1E8E5D680012C09C /* LaunchScreen.storyboard */ = {
			isa = PBXVariantGroup;
			children = (
				181BF21B1E8E5D680012C09C /* Base */,
			);
			name = LaunchScreen.storyboard;
			sourceTree = "<group>";
		};
/* End PBXVariantGroup section */

/* Begin XCBuildConfiguration section */
		181BF2341E8E5D680012C09C /* Debug */ = {
			isa = XCBuildConfiguration;
			buildSettings = {
				ALWAYS_SEARCH_USER_PATHS = NO;
				CLANG_ANALYZER_NONNULL = YES;
				CLANG_ANALYZER_NUMBER_OBJECT_CONVERSION = YES_AGGRESSIVE;
				CLANG_CXX_LANGUAGE_STANDARD = "gnu++0x";
				CLANG_CXX_LIBRARY = "libc++";
				CLANG_ENABLE_MODULES = YES;
				CLANG_ENABLE_OBJC_ARC = YES;
				CLANG_WARN_BOOL_CONVERSION = YES;
				CLANG_WARN_CONSTANT_CONVERSION = YES;
				CLANG_WARN_DIRECT_OBJC_ISA_USAGE = YES_ERROR;
				CLANG_WARN_DOCUMENTATION_COMMENTS = YES;
				CLANG_WARN_EMPTY_BODY = YES;
				CLANG_WARN_ENUM_CONVERSION = YES;
				CLANG_WARN_INFINITE_RECURSION = YES;
				CLANG_WARN_INT_CONVERSION = YES;
				CLANG_WARN_OBJC_ROOT_CLASS = YES_ERROR;
				CLANG_WARN_SUSPICIOUS_MOVE = YES;
				CLANG_WARN_UNREACHABLE_CODE = YES;
				CLANG_WARN__DUPLICATE_METHOD_MATCH = YES;
				"CODE_SIGN_IDENTITY[sdk=iphoneos*]" = "iPhone Developer";
				COPY_PHASE_STRIP = NO;
				DEBUG_INFORMATION_FORMAT = dwarf;
				ENABLE_STRICT_OBJC_MSGSEND = YES;
				ENABLE_TESTABILITY = YES;
				GCC_C_LANGUAGE_STANDARD = gnu99;
				GCC_DYNAMIC_NO_PIC = NO;
				GCC_NO_COMMON_BLOCKS = YES;
				GCC_OPTIMIZATION_LEVEL = 0;
				GCC_PREPROCESSOR_DEFINITIONS = (
					"DEBUG=1",
					"$(inherited)",
				);
				GCC_WARN_64_TO_32_BIT_CONVERSION = YES;
				GCC_WARN_ABOUT_RETURN_TYPE = YES_ERROR;
				GCC_WARN_UNDECLARED_SELECTOR = YES;
				GCC_WARN_UNINITIALIZED_AUTOS = YES_AGGRESSIVE;
				GCC_WARN_UNUSED_FUNCTION = YES;
				GCC_WARN_UNUSED_VARIABLE = YES;
				IPHONEOS_DEPLOYMENT_TARGET = 9.0;
				MTL_ENABLE_DEBUG_INFO = YES;
				ONLY_ACTIVE_ARCH = YES;
				SDKROOT = iphoneos;
				SWIFT_ACTIVE_COMPILATION_CONDITIONS = DEBUG;
				SWIFT_OPTIMIZATION_LEVEL = "-Onone";
				TARGETED_DEVICE_FAMILY = "1,2";
			};
			name = Debug;
		};
		181BF2351E8E5D680012C09C /* Release */ = {
			isa = XCBuildConfiguration;
			buildSettings = {
				ALWAYS_SEARCH_USER_PATHS = NO;
				CLANG_ANALYZER_NONNULL = YES;
				CLANG_ANALYZER_NUMBER_OBJECT_CONVERSION = YES_AGGRESSIVE;
				CLANG_CXX_LANGUAGE_STANDARD = "gnu++0x";
				CLANG_CXX_LIBRARY = "libc++";
				CLANG_ENABLE_MODULES = YES;
				CLANG_ENABLE_OBJC_ARC = YES;
				CLANG_WARN_BOOL_CONVERSION = YES;
				CLANG_WARN_CONSTANT_CONVERSION = YES;
				CLANG_WARN_DIRECT_OBJC_ISA_USAGE = YES_ERROR;
				CLANG_WARN_DOCUMENTATION_COMMENTS = YES;
				CLANG_WARN_EMPTY_BODY = YES;
				CLANG_WARN_ENUM_CONVERSION = YES;
				CLANG_WARN_INFINITE_RECURSION = YES;
				CLANG_WARN_INT_CONVERSION = YES;
				CLANG_WARN_OBJC_ROOT_CLASS = YES_ERROR;
				CLANG_WARN_SUSPICIOUS_MOVE = YES;
				CLANG_WARN_UNREACHABLE_CODE = YES;
				CLANG_WARN__DUPLICATE_METHOD_MATCH = YES;
				"CODE_SIGN_IDENTITY[sdk=iphoneos*]" = "iPhone Developer";
				COPY_PHASE_STRIP = NO;
				DEBUG_INFORMATION_FORMAT = "dwarf-with-dsym";
				ENABLE_NS_ASSERTIONS = NO;
				ENABLE_STRICT_OBJC_MSGSEND = YES;
				GCC_C_LANGUAGE_STANDARD = gnu99;
				GCC_NO_COMMON_BLOCKS = YES;
				GCC_WARN_64_TO_32_BIT_CONVERSION = YES;
				GCC_WARN_ABOUT_RETURN_TYPE = YES_ERROR;
				GCC_WARN_UNDECLARED_SELECTOR = YES;
				GCC_WARN_UNINITIALIZED_AUTOS = YES_AGGRESSIVE;
				GCC_WARN_UNUSED_FUNCTION = YES;
				GCC_WARN_UNUSED_VARIABLE = YES;
				IPHONEOS_DEPLOYMENT_TARGET = 9.0;
				MTL_ENABLE_DEBUG_INFO = NO;
				SDKROOT = iphoneos;
				SWIFT_OPTIMIZATION_LEVEL = "-Owholemodule";
				TARGETED_DEVICE_FAMILY = "1,2";
				VALIDATE_PRODUCT = YES;
			};
			name = Release;
		};
		181BF2371E8E5D680012C09C /* Debug */ = {
			isa = XCBuildConfiguration;
			baseConfigurationReference = 642BD41397FB20210884E351 /* Pods-FlightMatcher.debug.xcconfig */;
			buildSettings = {
				ASSETCATALOG_COMPILER_APPICON_NAME = AppIcon;
				DEVELOPMENT_TEAM = UP59H75SNK;
				INFOPLIST_FILE = FlightMatcher/Info.plist;
				IPHONEOS_DEPLOYMENT_TARGET = 9.0;
				LD_RUNPATH_SEARCH_PATHS = "$(inherited) @executable_path/Frameworks";
				PRODUCT_BUNDLE_IDENTIFIER = com.elinext.FlightMatcher;
				PRODUCT_NAME = "$(TARGET_NAME)";
				SWIFT_VERSION = 3.0;
			};
			name = Debug;
		};
		181BF2381E8E5D680012C09C /* Release */ = {
			isa = XCBuildConfiguration;
			baseConfigurationReference = 552E4BED47E092F17CA34B42 /* Pods-FlightMatcher.release.xcconfig */;
			buildSettings = {
				ASSETCATALOG_COMPILER_APPICON_NAME = AppIcon;
				DEVELOPMENT_TEAM = UP59H75SNK;
				INFOPLIST_FILE = FlightMatcher/Info.plist;
				IPHONEOS_DEPLOYMENT_TARGET = 9.0;
				LD_RUNPATH_SEARCH_PATHS = "$(inherited) @executable_path/Frameworks";
				PRODUCT_BUNDLE_IDENTIFIER = com.elinext.FlightMatcher;
				PRODUCT_NAME = "$(TARGET_NAME)";
				SWIFT_VERSION = 3.0;
			};
			name = Release;
		};
		181BF23A1E8E5D680012C09C /* Debug */ = {
			isa = XCBuildConfiguration;
			baseConfigurationReference = A3D673D6967B2ABC679CB312 /* Pods-FlightMatcherTests.debug.xcconfig */;
			buildSettings = {
				ALWAYS_EMBED_SWIFT_STANDARD_LIBRARIES = YES;
				BUNDLE_LOADER = "$(TEST_HOST)";
				DEVELOPMENT_TEAM = UP59H75SNK;
				INFOPLIST_FILE = FlightMatcherTests/Info.plist;
				LD_RUNPATH_SEARCH_PATHS = "$(inherited) @executable_path/Frameworks @loader_path/Frameworks";
				PRODUCT_BUNDLE_IDENTIFIER = com.elinext.FlightMatcherTests;
				PRODUCT_NAME = "$(TARGET_NAME)";
				SWIFT_VERSION = 3.0;
				TEST_HOST = "$(BUILT_PRODUCTS_DIR)/FlightMatcher.app/FlightMatcher";
			};
			name = Debug;
		};
		181BF23B1E8E5D680012C09C /* Release */ = {
			isa = XCBuildConfiguration;
			baseConfigurationReference = 6825663D59011820EFE92071 /* Pods-FlightMatcherTests.release.xcconfig */;
			buildSettings = {
				ALWAYS_EMBED_SWIFT_STANDARD_LIBRARIES = YES;
				BUNDLE_LOADER = "$(TEST_HOST)";
				DEVELOPMENT_TEAM = UP59H75SNK;
				INFOPLIST_FILE = FlightMatcherTests/Info.plist;
				LD_RUNPATH_SEARCH_PATHS = "$(inherited) @executable_path/Frameworks @loader_path/Frameworks";
				PRODUCT_BUNDLE_IDENTIFIER = com.elinext.FlightMatcherTests;
				PRODUCT_NAME = "$(TARGET_NAME)";
				SWIFT_VERSION = 3.0;
				TEST_HOST = "$(BUILT_PRODUCTS_DIR)/FlightMatcher.app/FlightMatcher";
			};
			name = Release;
		};
		181BF23D1E8E5D680012C09C /* Debug */ = {
			isa = XCBuildConfiguration;
			baseConfigurationReference = 864A89F7312808FF42D1063A /* Pods-FlightMatcherUITests.debug.xcconfig */;
			buildSettings = {
				ALWAYS_EMBED_SWIFT_STANDARD_LIBRARIES = YES;
				DEVELOPMENT_TEAM = UP59H75SNK;
				INFOPLIST_FILE = FlightMatcherUITests/Info.plist;
				LD_RUNPATH_SEARCH_PATHS = "$(inherited) @executable_path/Frameworks @loader_path/Frameworks";
				PRODUCT_BUNDLE_IDENTIFIER = com.elinext.FlightMatcherUITests;
				PRODUCT_NAME = "$(TARGET_NAME)";
				SWIFT_VERSION = 3.0;
				TEST_TARGET_NAME = FlightMatcher;
			};
			name = Debug;
		};
		181BF23E1E8E5D680012C09C /* Release */ = {
			isa = XCBuildConfiguration;
			baseConfigurationReference = FF03FDF59AFF7C2A09EEF90A /* Pods-FlightMatcherUITests.release.xcconfig */;
			buildSettings = {
				ALWAYS_EMBED_SWIFT_STANDARD_LIBRARIES = YES;
				DEVELOPMENT_TEAM = UP59H75SNK;
				INFOPLIST_FILE = FlightMatcherUITests/Info.plist;
				LD_RUNPATH_SEARCH_PATHS = "$(inherited) @executable_path/Frameworks @loader_path/Frameworks";
				PRODUCT_BUNDLE_IDENTIFIER = com.elinext.FlightMatcherUITests;
				PRODUCT_NAME = "$(TARGET_NAME)";
				SWIFT_VERSION = 3.0;
				TEST_TARGET_NAME = FlightMatcher;
			};
			name = Release;
		};
/* End XCBuildConfiguration section */

/* Begin XCConfigurationList section */
		181BF2091E8E5D680012C09C /* Build configuration list for PBXProject "FlightMatcher" */ = {
			isa = XCConfigurationList;
			buildConfigurations = (
				181BF2341E8E5D680012C09C /* Debug */,
				181BF2351E8E5D680012C09C /* Release */,
			);
			defaultConfigurationIsVisible = 0;
			defaultConfigurationName = Release;
		};
		181BF2361E8E5D680012C09C /* Build configuration list for PBXNativeTarget "FlightMatcher" */ = {
			isa = XCConfigurationList;
			buildConfigurations = (
				181BF2371E8E5D680012C09C /* Debug */,
				181BF2381E8E5D680012C09C /* Release */,
			);
			defaultConfigurationIsVisible = 0;
			defaultConfigurationName = Release;
		};
		181BF2391E8E5D680012C09C /* Build configuration list for PBXNativeTarget "FlightMatcherTests" */ = {
			isa = XCConfigurationList;
			buildConfigurations = (
				181BF23A1E8E5D680012C09C /* Debug */,
				181BF23B1E8E5D680012C09C /* Release */,
			);
			defaultConfigurationIsVisible = 0;
			defaultConfigurationName = Release;
		};
		181BF23C1E8E5D680012C09C /* Build configuration list for PBXNativeTarget "FlightMatcherUITests" */ = {
			isa = XCConfigurationList;
			buildConfigurations = (
				181BF23D1E8E5D680012C09C /* Debug */,
				181BF23E1E8E5D680012C09C /* Release */,
			);
			defaultConfigurationIsVisible = 0;
			defaultConfigurationName = Release;
		};
/* End XCConfigurationList section */
	};
	rootObject = 181BF2061E8E5D680012C09C /* Project object */;
}
